PODS:
  - MiniLayout (1.2.1)
  - MockImagePicker (1.0.1):
    - MiniLayout

DEPENDENCIES:
  - MockImagePicker (from `..`)

SPEC REPOS:
  https://github.com/cocoapods/specs.git:
    - MiniLayout

EXTERNAL SOURCES:
  MockImagePicker:
    :path: ".."

SPEC CHECKSUMS:
  MiniLayout: 9ee6ff0d73c1c2af09251e062e9b45d012e446fb
  MockImagePicker: 4acf514271ec0c5020dafe46f64d4bd1fd6687f6

PODFILE CHECKSUM: bd49fab393c72948cef6b78d82d794669db6622a

COCOAPODS: 1.5.3
