PODS:
  - MiniLayout (1.3.0)
  - MockImagePicker (1.2.0):
    - MiniLayout

DEPENDENCIES:
  - MockImagePicker (from `..`)

SPEC REPOS:
  https://github.com/cocoapods/specs.git:
    - MiniLayout

EXTERNAL SOURCES:
  MockImagePicker:
    :path: ".."

SPEC CHECKSUMS:
  MiniLayout: 57c42e7e44cb47a9ef95650970ee1d2718725518
  MockImagePicker: d903f00794add0b6f0ec70e23af960c2307d37a4

PODFILE CHECKSUM: d3fdf5a4c9c14c21b06386eff969f69da1ddd6d7

COCOAPODS: 1.5.3
