PODS:
  - MockImagePicker (1.2.5):
    - SweeterSwift
  - SweeterSwift (1.2.1)
  - SwiftFormat/CLI (0.50.4)
  - SwiftLint (0.50.1)
  - SwiftQuality (2.0.0):
    - SwiftFormat/CLI (= 0.50.4)
    - SwiftLint (= 0.50.1)

DEPENDENCIES:
  - MockImagePicker (from `..`)
  - SwiftQuality (from `https://github.com/yonat/SwiftQuality`)

SPEC REPOS:
  trunk:
    - SweeterSwift
    - SwiftFormat
    - SwiftLint

EXTERNAL SOURCES:
  MockImagePicker:
    :path: ".."
  SwiftQuality:
    :git: https://github.com/yonat/SwiftQuality

CHECKOUT OPTIONS:
  SwiftQuality:
    :commit: 582b3b25e5faf8227cfe1c3ba4bd556f76c8cf65
    :git: https://github.com/yonat/SwiftQuality

SPEC CHECKSUMS:
  MockImagePicker: 4d387ddb6471347d522080caefd650a88a523a0c
  SweeterSwift: 61baeda1c0c27d1dc57c8112c3d6a82e5aff3139
  SwiftFormat: 42b2e7e390bffa30ea7a9f2dd8c8872d37f6a093
  SwiftLint: 6b0cf1f4d619808dbc16e4fab064ce6fc79f090b
  SwiftQuality: 890e271defff439147373b686a9261dbc1f0c7f6

PODFILE CHECKSUM: f68fba57ca3c732120b486b4c458ecc51eed110d

COCOAPODS: 1.11.3
